{
  "name": "armtest",
  "version": "1.0.0",
  "lockfileVersion": 3,
  "requires": true,
  "packages": {
    "": {
      "name": "armtest",
      "version": "1.0.0",
      "license": "ISC",
      "dependencies": {
        "momentjs": "^2.0.0",
        "turbo": "^1.10.14"
      }
    },
    "node_modules/momentjs": {
      "version": "2.0.0",
      "resolved": "https://registry.npmjs.org/momentjs/-/momentjs-2.0.0.tgz",
      "integrity": "sha512-GYMUxLyCwVhECkJR1/LMHEyb9gWYSPRnXi+elGN0m5bet7ngQOxU4QLWUI/eBzgN4N/T194n6yP7lQiE+Udw9A==",
      "deprecated": "WARNING: The correct package name for Moment.js is 'moment', not 'momentjs'."
    },
    "node_modules/turbo": {
      "version": "1.10.14",
      "resolved": "https://registry.npmjs.org/turbo/-/turbo-1.10.14.tgz",
      "integrity": "sha512-hr9wDNYcsee+vLkCDIm8qTtwhJ6+UAMJc3nIY6+PNgUTtXcQgHxCq8BGoL7gbABvNWv76CNbK5qL4Lp9G3ZYRA==",
      "bin": {
        "turbo": "bin/turbo"
      },
      "optionalDependencies": {
        "turbo-darwin-64": "1.10.14",
        "turbo-darwin-arm64": "1.10.14",
        "turbo-linux-64": "1.10.14",
        "turbo-linux-arm64": "1.10.14",
        "turbo-windows-64": "1.10.14",
        "turbo-windows-arm64": "1.10.14"
      }
    },
    "node_modules/turbo-darwin-arm64": {
      "version": "1.10.14",
      "resolved": "https://registry.npmjs.org/turbo-darwin-arm64/-/turbo-darwin-arm64-1.10.14.tgz",
      "integrity": "sha512-KAdUWryJi/XX7OD0alOuOa0aJ5TLyd4DNIYkHPHYcM6/d7YAovYvxRNwmx9iv6Vx6IkzTnLeTiUB8zy69QkG9Q==",
      "cpu": [
        "arm64"
      ],
      "optional": true,
      "os": [
        "darwin"
      ]
    }
  }
}
